// !$*UTF8*$!
{
	archiveVersion = 1;
	classes = {
	};
	objectVersion = 50;
	objects = {

/* Begin PBXBuildFile section */
		143817C626424D2F0045E956 /* AppDelegate.swift in Sources */ = {isa = PBXBuildFile; fileRef = 143817C526424D2F0045E956 /* AppDelegate.swift */; };
		143817C826424D2F0045E956 /* SceneDelegate.swift in Sources */ = {isa = PBXBuildFile; fileRef = 143817C726424D2F0045E956 /* SceneDelegate.swift */; };
		143817CA26424D2F0045E956 /* ViewController.swift in Sources */ = {isa = PBXBuildFile; fileRef = 143817C926424D2F0045E956 /* ViewController.swift */; };
		143817CD26424D2F0045E956 /* Main.storyboard in Resources */ = {isa = PBXBuildFile; fileRef = 143817CB26424D2F0045E956 /* Main.storyboard */; };
		143817CF26424D300045E956 /* Assets.xcassets in Resources */ = {isa = PBXBuildFile; fileRef = 143817CE26424D300045E956 /* Assets.xcassets */; };
		143817D226424D300045E956 /* LaunchScreen.storyboard in Resources */ = {isa = PBXBuildFile; fileRef = 143817D026424D300045E956 /* LaunchScreen.storyboard */; };
		143817DD26424D300045E956 /* iKidTests.swift in Sources */ = {isa = PBXBuildFile; fileRef = 143817DC26424D300045E956 /* iKidTests.swift */; };
		143817E826424D300045E956 /* iKidUITests.swift in Sources */ = {isa = PBXBuildFile; fileRef = 143817E726424D300045E956 /* iKidUITests.swift */; };
		143817F62642839C0045E956 /* PunPunchViewController.swift in Sources */ = {isa = PBXBuildFile; fileRef = 143817F52642839C0045E956 /* PunPunchViewController.swift */; };
		143817F826428E7C0045E956 /* GoodPunchViewController.swift in Sources */ = {isa = PBXBuildFile; fileRef = 143817F726428E7C0045E956 /* GoodPunchViewController.swift */; };
		143817FA264290100045E956 /* DadPunchViewController.swift in Sources */ = {isa = PBXBuildFile; fileRef = 143817F9264290100045E956 /* DadPunchViewController.swift */; };
/* End PBXBuildFile section */

/* Begin PBXContainerItemProxy section */
		143817D926424D300045E956 /* PBXContainerItemProxy */ = {
			isa = PBXContainerItemProxy;
			containerPortal = 143817BA26424D2F0045E956 /* Project object */;
			proxyType = 1;
			remoteGlobalIDString = 143817C126424D2F0045E956;
			remoteInfo = iKid;
		};
		143817E426424D300045E956 /* PBXContainerItemProxy */ = {
			isa = PBXContainerItemProxy;
			containerPortal = 143817BA26424D2F0045E956 /* Project object */;
			proxyType = 1;
			remoteGlobalIDString = 143817C126424D2F0045E956;
			remoteInfo = iKid;
		};
/* End PBXContainerItemProxy section */

/* Begin PBXFileReference section */
		143817C226424D2F0045E956 /* iKid.app */ = {isa = PBXFileReference; explicitFileType = wrapper.application; includeInIndex = 0; path = iKid.app; sourceTree = BUILT_PRODUCTS_DIR; };
		143817C526424D2F0045E956 /* AppDelegate.swift */ = {isa = PBXFileReference; lastKnownFileType = sourcecode.swift; path = AppDelegate.swift; sourceTree = "<group>"; };
		143817C726424D2F0045E956 /* SceneDelegate.swift */ = {isa = PBXFileReference; lastKnownFileType = sourcecode.swift; path = SceneDelegate.swift; sourceTree = "<group>"; };
		143817C926424D2F0045E956 /* ViewController.swift */ = {isa = PBXFileReference; lastKnownFileType = sourcecode.swift; path = ViewController.swift; sourceTree = "<group>"; };
		143817CC26424D2F0045E956 /* Base */ = {isa = PBXFileReference; lastKnownFileType = file.storyboard; name = Base; path = Base.lproj/Main.storyboard; sourceTree = "<group>"; };
		143817CE26424D300045E956 /* Assets.xcassets */ = {isa = PBXFileReference; lastKnownFileType = folder.assetcatalog; path = Assets.xcassets; sourceTree = "<group>"; };
		143817D126424D300045E956 /* Base */ = {isa = PBXFileReference; lastKnownFileType = file.storyboard; name = Base; path = Base.lproj/LaunchScreen.storyboard; sourceTree = "<group>"; };
		143817D326424D300045E956 /* Info.plist */ = {isa = PBXFileReference; lastKnownFileType = text.plist.xml; path = Info.plist; sourceTree = "<group>"; };
		143817D826424D300045E956 /* iKidTests.xctest */ = {isa = PBXFileReference; explicitFileType = wrapper.cfbundle; includeInIndex = 0; path = iKidTests.xctest; sourceTree = BUILT_PRODUCTS_DIR; };
		143817DC26424D300045E956 /* iKidTests.swift */ = {isa = PBXFileReference; lastKnownFileType = sourcecode.swift; path = iKidTests.swift; sourceTree = "<group>"; };
		143817DE26424D300045E956 /* Info.plist */ = {isa = PBXFileReference; lastKnownFileType = text.plist.xml; path = Info.plist; sourceTree = "<group>"; };
		143817E326424D300045E956 /* iKidUITests.xctest */ = {isa = PBXFileReference; explicitFileType = wrapper.cfbundle; includeInIndex = 0; path = iKidUITests.xctest; sourceTree = BUILT_PRODUCTS_DIR; };
		143817E726424D300045E956 /* iKidUITests.swift */ = {isa = PBXFileReference; lastKnownFileType = sourcecode.swift; path = iKidUITests.swift; sourceTree = "<group>"; };
		143817E926424D300045E956 /* Info.plist */ = {isa = PBXFileReference; lastKnownFileType = text.plist.xml; path = Info.plist; sourceTree = "<group>"; };
		143817F52642839C0045E956 /* PunPunchViewController.swift */ = {isa = PBXFileReference; lastKnownFileType = sourcecode.swift; path = PunPunchViewController.swift; sourceTree = "<group>"; };
		143817F726428E7C0045E956 /* GoodPunchViewController.swift */ = {isa = PBXFileReference; lastKnownFileType = sourcecode.swift; path = GoodPunchViewController.swift; sourceTree = "<group>"; };
		143817F9264290100045E956 /* DadPunchViewController.swift */ = {isa = PBXFileReference; lastKnownFileType = sourcecode.swift; path = DadPunchViewController.swift; sourceTree = "<group>"; };
/* End PBXFileReference section */

/* Begin PBXFrameworksBuildPhase section */
		143817BF26424D2F0045E956 /* Frameworks */ = {
			isa = PBXFrameworksBuildPhase;
			buildActionMask = 2147483647;
			files = (
			);
			runOnlyForDeploymentPostprocessing = 0;
		};
		143817D526424D300045E956 /* Frameworks */ = {
			isa = PBXFrameworksBuildPhase;
			buildActionMask = 2147483647;
			files = (
			);
			runOnlyForDeploymentPostprocessing = 0;
		};
		143817E026424D300045E956 /* Frameworks */ = {
			isa = PBXFrameworksBuildPhase;
			buildActionMask = 2147483647;
			files = (
			);
			runOnlyForDeploymentPostprocessing = 0;
		};
/* End PBXFrameworksBuildPhase section */

/* Begin PBXGroup section */
		143817B926424D2F0045E956 = {
			isa = PBXGroup;
			children = (
				143817C426424D2F0045E956 /* iKid */,
				143817DB26424D300045E956 /* iKidTests */,
				143817E626424D300045E956 /* iKidUITests */,
				143817C326424D2F0045E956 /* Products */,
			);
			sourceTree = "<group>";
		};
		143817C326424D2F0045E956 /* Products */ = {
			isa = PBXGroup;
			children = (
				143817C226424D2F0045E956 /* iKid.app */,
				143817D826424D300045E956 /* iKidTests.xctest */,
				143817E326424D300045E956 /* iKidUITests.xctest */,
			);
			name = Products;
			sourceTree = "<group>";
		};
		143817C426424D2F0045E956 /* iKid */ = {
			isa = PBXGroup;
			children = (
				143817C526424D2F0045E956 /* AppDelegate.swift */,
				143817C726424D2F0045E956 /* SceneDelegate.swift */,
				143817C926424D2F0045E956 /* ViewController.swift */,
				143817F9264290100045E956 /* DadPunchViewController.swift */,
				143817CB26424D2F0045E956 /* Main.storyboard */,
				143817F726428E7C0045E956 /* GoodPunchViewController.swift */,
				143817F52642839C0045E956 /* PunPunchViewController.swift */,
				143817CE26424D300045E956 /* Assets.xcassets */,
				143817D026424D300045E956 /* LaunchScreen.storyboard */,
				143817D326424D300045E956 /* Info.plist */,
			);
			path = iKid;
			sourceTree = "<group>";
		};
		143817DB26424D300045E956 /* iKidTests */ = {
			isa = PBXGroup;
			children = (
				143817DC26424D300045E956 /* iKidTests.swift */,
				143817DE26424D300045E956 /* Info.plist */,
			);
			path = iKidTests;
			sourceTree = "<group>";
		};
		143817E626424D300045E956 /* iKidUITests */ = {
			isa = PBXGroup;
			children = (
				143817E726424D300045E956 /* iKidUITests.swift */,
				143817E926424D300045E956 /* Info.plist */,
			);
			path = iKidUITests;
			sourceTree = "<group>";
		};
/* End PBXGroup section */

/* Begin PBXNativeTarget section */
		143817C126424D2F0045E956 /* iKid */ = {
			isa = PBXNativeTarget;
			buildConfigurationList = 143817EC26424D300045E956 /* Build configuration list for PBXNativeTarget "iKid" */;
			buildPhases = (
				143817BE26424D2F0045E956 /* Sources */,
				143817BF26424D2F0045E956 /* Frameworks */,
				143817C026424D2F0045E956 /* Resources */,
			);
			buildRules = (
			);
			dependencies = (
			);
			name = iKid;
			productName = iKid;
			productReference = 143817C226424D2F0045E956 /* iKid.app */;
			productType = "com.apple.product-type.application";
		};
		143817D726424D300045E956 /* iKidTests */ = {
			isa = PBXNativeTarget;
			buildConfigurationList = 143817EF26424D300045E956 /* Build configuration list for PBXNativeTarget "iKidTests" */;
			buildPhases = (
				143817D426424D300045E956 /* Sources */,
				143817D526424D300045E956 /* Frameworks */,
				143817D626424D300045E956 /* Resources */,
			);
			buildRules = (
			);
			dependencies = (
				143817DA26424D300045E956 /* PBXTargetDependency */,
			);
			name = iKidTests;
			productName = iKidTests;
			productReference = 143817D826424D300045E956 /* iKidTests.xctest */;
			productType = "com.apple.product-type.bundle.unit-test";
		};
		143817E226424D300045E956 /* iKidUITests */ = {
			isa = PBXNativeTarget;
			buildConfigurationList = 143817F226424D300045E956 /* Build configuration list for PBXNativeTarget "iKidUITests" */;
			buildPhases = (
				143817DF26424D300045E956 /* Sources */,
				143817E026424D300045E956 /* Frameworks */,
				143817E126424D300045E956 /* Resources */,
			);
			buildRules = (
			);
			dependencies = (
				143817E526424D300045E956 /* PBXTargetDependency */,
			);
			name = iKidUITests;
			productName = iKidUITests;
			productReference = 143817E326424D300045E956 /* iKidUITests.xctest */;
			productType = "com.apple.product-type.bundle.ui-testing";
		};
/* End PBXNativeTarget section */

/* Begin PBXProject section */
		143817BA26424D2F0045E956 /* Project object */ = {
			isa = PBXProject;
			attributes = {
				LastSwiftUpdateCheck = 1250;
				LastUpgradeCheck = 1250;
				TargetAttributes = {
					143817C126424D2F0045E956 = {
						CreatedOnToolsVersion = 12.5;
					};
					143817D726424D300045E956 = {
						CreatedOnToolsVersion = 12.5;
						TestTargetID = 143817C126424D2F0045E956;
					};
					143817E226424D300045E956 = {
						CreatedOnToolsVersion = 12.5;
						TestTargetID = 143817C126424D2F0045E956;
					};
				};
			};
			buildConfigurationList = 143817BD26424D2F0045E956 /* Build configuration list for PBXProject "iKid" */;
			compatibilityVersion = "Xcode 9.3";
			developmentRegion = en;
			hasScannedForEncodings = 0;
			knownRegions = (
				en,
				Base,
			);
			mainGroup = 143817B926424D2F0045E956;
			productRefGroup = 143817C326424D2F0045E956 /* Products */;
			projectDirPath = "";
			projectRoot = "";
			targets = (
				143817C126424D2F0045E956 /* iKid */,
				143817D726424D300045E956 /* iKidTests */,
				143817E226424D300045E956 /* iKidUITests */,
			);
		};
/* End PBXProject section */

/* Begin PBXResourcesBuildPhase section */
		143817C026424D2F0045E956 /* Resources */ = {
			isa = PBXResourcesBuildPhase;
			buildActionMask = 2147483647;
			files = (
				143817D226424D300045E956 /* LaunchScreen.storyboard in Resources */,
				143817CF26424D300045E956 /* Assets.xcassets in Resources */,
				143817CD26424D2F0045E956 /* Main.storyboard in Resources */,
			);
			runOnlyForDeploymentPostprocessing = 0;
		};
		143817D626424D300045E956 /* Resources */ = {
			isa = PBXResourcesBuildPhase;
			buildActionMask = 2147483647;
			files = (
			);
			runOnlyForDeploymentPostprocessing = 0;
		};
		143817E126424D300045E956 /* Resources */ = {
			isa = PBXResourcesBuildPhase;
			buildActionMask = 2147483647;
			files = (
			);
			runOnlyForDeploymentPostprocessing = 0;
		};
/* End PBXResourcesBuildPhase section */

/* Begin PBXSourcesBuildPhase section */
		143817BE26424D2F0045E956 /* Sources */ = {
			isa = PBXSourcesBuildPhase;
			buildActionMask = 2147483647;
			files = (
				143817CA26424D2F0045E956 /* ViewController.swift in Sources */,
				143817FA264290100045E956 /* DadPunchViewController.swift in Sources */,
				143817C626424D2F0045E956 /* AppDelegate.swift in Sources */,
				143817F826428E7C0045E956 /* GoodPunchViewController.swift in Sources */,
				143817C826424D2F0045E956 /* SceneDelegate.swift in Sources */,
				143817F62642839C0045E956 /* PunPunchViewController.swift in Sources */,
			);
			runOnlyForDeploymentPostprocessing = 0;
		};
		143817D426424D300045E956 /* Sources */ = {
			isa = PBXSourcesBuildPhase;
			buildActionMask = 2147483647;
			files = (
				143817DD26424D300045E956 /* iKidTests.swift in Sources */,
			);
			runOnlyForDeploymentPostprocessing = 0;
		};
		143817DF26424D300045E956 /* Sources */ = {
			isa = PBXSourcesBuildPhase;
			buildActionMask = 2147483647;
			files = (
				143817E826424D300045E956 /* iKidUITests.swift in Sources */,
			);
			runOnlyForDeploymentPostprocessing = 0;
		};
/* End PBXSourcesBuildPhase section */

/* Begin PBXTargetDependency section */
		143817DA26424D300045E956 /* PBXTargetDependency */ = {
			isa = PBXTargetDependency;
			target = 143817C126424D2F0045E956 /* iKid */;
			targetProxy = 143817D926424D300045E956 /* PBXContainerItemProxy */;
		};
		143817E526424D300045E956 /* PBXTargetDependency */ = {
			isa = PBXTargetDependency;
			target = 143817C126424D2F0045E956 /* iKid */;
			targetProxy = 143817E426424D300045E956 /* PBXContainerItemProxy */;
		};
/* End PBXTargetDependency section */

/* Begin PBXVariantGroup section */
		143817CB26424D2F0045E956 /* Main.storyboard */ = {
			isa = PBXVariantGroup;
			children = (
				143817CC26424D2F0045E956 /* Base */,
			);
			name = Main.storyboard;
			sourceTree = "<group>";
		};
		143817D026424D300045E956 /* LaunchScreen.storyboard */ = {
			isa = PBXVariantGroup;
			children = (
				143817D126424D300045E956 /* Base */,
			);
			name = LaunchScreen.storyboard;
			sourceTree = "<group>";
		};
/* End PBXVariantGroup section */

/* Begin XCBuildConfiguration section */
		143817EA26424D300045E956 /* Debug */ = {
			isa = XCBuildConfiguration;
			buildSettings = {
				ALWAYS_SEARCH_USER_PATHS = NO;
				CLANG_ANALYZER_NONNULL = YES;
				CLANG_ANALYZER_NUMBER_OBJECT_CONVERSION = YES_AGGRESSIVE;
				CLANG_CXX_LANGUAGE_STANDARD = "gnu++14";
				CLANG_CXX_LIBRARY = "libc++";
				CLANG_ENABLE_MODULES = YES;
				CLANG_ENABLE_OBJC_ARC = YES;
				CLANG_ENABLE_OBJC_WEAK = YES;
				CLANG_WARN_BLOCK_CAPTURE_AUTORELEASING = YES;
				CLANG_WARN_BOOL_CONVERSION = YES;
				CLANG_WARN_COMMA = YES;
				CLANG_WARN_CONSTANT_CONVERSION = YES;
				CLANG_WARN_DEPRECATED_OBJC_IMPLEMENTATIONS = YES;
				CLANG_WARN_DIRECT_OBJC_ISA_USAGE = YES_ERROR;
				CLANG_WARN_DOCUMENTATION_COMMENTS = YES;
				CLANG_WARN_EMPTY_BODY = YES;
				CLANG_WARN_ENUM_CONVERSION = YES;
				CLANG_WARN_INFINITE_RECURSION = YES;
				CLANG_WARN_INT_CONVERSION = YES;
				CLANG_WARN_NON_LITERAL_NULL_CONVERSION = YES;
				CLANG_WARN_OBJC_IMPLICIT_RETAIN_SELF = YES;
				CLANG_WARN_OBJC_LITERAL_CONVERSION = YES;
				CLANG_WARN_OBJC_ROOT_CLASS = YES_ERROR;
				CLANG_WARN_QUOTED_INCLUDE_IN_FRAMEWORK_HEADER = YES;
				CLANG_WARN_RANGE_LOOP_ANALYSIS = YES;
				CLANG_WARN_STRICT_PROTOTYPES = YES;
				CLANG_WARN_SUSPICIOUS_MOVE = YES;
				CLANG_WARN_UNGUARDED_AVAILABILITY = YES_AGGRESSIVE;
				CLANG_WARN_UNREACHABLE_CODE = YES;
				CLANG_WARN__DUPLICATE_METHOD_MATCH = YES;
				COPY_PHASE_STRIP = NO;
				DEBUG_INFORMATION_FORMAT = dwarf;
				ENABLE_STRICT_OBJC_MSGSEND = YES;
				ENABLE_TESTABILITY = YES;
				GCC_C_LANGUAGE_STANDARD = gnu11;
				GCC_DYNAMIC_NO_PIC = NO;
				GCC_NO_COMMON_BLOCKS = YES;
				GCC_OPTIMIZATION_LEVEL = 0;
				GCC_PREPROCESSOR_DEFINITIONS = (
					"DEBUG=1",
					"$(inherited)",
				);
				GCC_WARN_64_TO_32_BIT_CONVERSION = YES;
				GCC_WARN_ABOUT_RETURN_TYPE = YES_ERROR;
				GCC_WARN_UNDECLARED_SELECTOR = YES;
				GCC_WARN_UNINITIALIZED_AUTOS = YES_AGGRESSIVE;
				GCC_WARN_UNUSED_FUNCTION = YES;
				GCC_WARN_UNUSED_VARIABLE = YES;
				IPHONEOS_DEPLOYMENT_TARGET = 14.5;
				MTL_ENABLE_DEBUG_INFO = INCLUDE_SOURCE;
				MTL_FAST_MATH = YES;
				ONLY_ACTIVE_ARCH = YES;
				SDKROOT = iphoneos;
				SWIFT_ACTIVE_COMPILATION_CONDITIONS = DEBUG;
				SWIFT_OPTIMIZATION_LEVEL = "-Onone";
			};
			name = Debug;
		};
		143817EB26424D300045E956 /* Release */ = {
			isa = XCBuildConfiguration;
			buildSettings = {
				ALWAYS_SEARCH_USER_PATHS = NO;
				CLANG_ANALYZER_NONNULL = YES;
				CLANG_ANALYZER_NUMBER_OBJECT_CONVERSION = YES_AGGRESSIVE;
				CLANG_CXX_LANGUAGE_STANDARD = "gnu++14";
				CLANG_CXX_LIBRARY = "libc++";
				CLANG_ENABLE_MODULES = YES;
				CLANG_ENABLE_OBJC_ARC = YES;
				CLANG_ENABLE_OBJC_WEAK = YES;
				CLANG_WARN_BLOCK_CAPTURE_AUTORELEASING = YES;
				CLANG_WARN_BOOL_CONVERSION = YES;
				CLANG_WARN_COMMA = YES;
				CLANG_WARN_CONSTANT_CONVERSION = YES;
				CLANG_WARN_DEPRECATED_OBJC_IMPLEMENTATIONS = YES;
				CLANG_WARN_DIRECT_OBJC_ISA_USAGE = YES_ERROR;
				CLANG_WARN_DOCUMENTATION_COMMENTS = YES;
				CLANG_WARN_EMPTY_BODY = YES;
				CLANG_WARN_ENUM_CONVERSION = YES;
				CLANG_WARN_INFINITE_RECURSION = YES;
				CLANG_WARN_INT_CONVERSION = YES;
				CLANG_WARN_NON_LITERAL_NULL_CONVERSION = YES;
				CLANG_WARN_OBJC_IMPLICIT_RETAIN_SELF = YES;
				CLANG_WARN_OBJC_LITERAL_CONVERSION = YES;
				CLANG_WARN_OBJC_ROOT_CLASS = YES_ERROR;
				CLANG_WARN_QUOTED_INCLUDE_IN_FRAMEWORK_HEADER = YES;
				CLANG_WARN_RANGE_LOOP_ANALYSIS = YES;
				CLANG_WARN_STRICT_PROTOTYPES = YES;
				CLANG_WARN_SUSPICIOUS_MOVE = YES;
				CLANG_WARN_UNGUARDED_AVAILABILITY = YES_AGGRESSIVE;
				CLANG_WARN_UNREACHABLE_CODE = YES;
				CLANG_WARN__DUPLICATE_METHOD_MATCH = YES;
				COPY_PHASE_STRIP = NO;
				DEBUG_INFORMATION_FORMAT = "dwarf-with-dsym";
				ENABLE_NS_ASSERTIONS = NO;
				ENABLE_STRICT_OBJC_MSGSEND = YES;
				GCC_C_LANGUAGE_STANDARD = gnu11;
				GCC_NO_COMMON_BLOCKS = YES;
				GCC_WARN_64_TO_32_BIT_CONVERSION = YES;
				GCC_WARN_ABOUT_RETURN_TYPE = YES_ERROR;
				GCC_WARN_UNDECLARED_SELECTOR = YES;
				GCC_WARN_UNINITIALIZED_AUTOS = YES_AGGRESSIVE;
				GCC_WARN_UNUSED_FUNCTION = YES;
				GCC_WARN_UNUSED_VARIABLE = YES;
				IPHONEOS_DEPLOYMENT_TARGET = 14.5;
				MTL_ENABLE_DEBUG_INFO = NO;
				MTL_FAST_MATH = YES;
				SDKROOT = iphoneos;
				SWIFT_COMPILATION_MODE = wholemodule;
				SWIFT_OPTIMIZATION_LEVEL = "-O";
				VALIDATE_PRODUCT = YES;
			};
			name = Release;
		};
		143817ED26424D300045E956 /* Debug */ = {
			isa = XCBuildConfiguration;
			buildSettings = {
				ASSETCATALOG_COMPILER_APPICON_NAME = AppIcon;
				ASSETCATALOG_COMPILER_GLOBAL_ACCENT_COLOR_NAME = AccentColor;
				CODE_SIGN_STYLE = Automatic;
				DEVELOPMENT_TEAM = 5JLBZK56K5;
				INFOPLIST_FILE = iKid/Info.plist;
				LD_RUNPATH_SEARCH_PATHS = (
					"$(inherited)",
					"@executable_path/Frameworks",
				);
				PRODUCT_BUNDLE_IDENTIFIER = INFO449.iKid;
				PRODUCT_NAME = "$(TARGET_NAME)";
				SWIFT_VERSION = 5.0;
				TARGETED_DEVICE_FAMILY = "1,2";
			};
			name = Debug;
		};
		143817EE26424D300045E956 /* Release */ = {
			isa = XCBuildConfiguration;
			buildSettings = {
				ASSETCATALOG_COMPILER_APPICON_NAME = AppIcon;
				ASSETCATALOG_COMPILER_GLOBAL_ACCENT_COLOR_NAME = AccentColor;
				CODE_SIGN_STYLE = Automatic;
				DEVELOPMENT_TEAM = 5JLBZK56K5;
				INFOPLIST_FILE = iKid/Info.plist;
				LD_RUNPATH_SEARCH_PATHS = (
					"$(inherited)",
					"@executable_path/Frameworks",
				);
				PRODUCT_BUNDLE_IDENTIFIER = INFO449.iKid;
				PRODUCT_NAME = "$(TARGET_NAME)";
				SWIFT_VERSION = 5.0;
				TARGETED_DEVICE_FAMILY = "1,2";
			};
			name = Release;
		};
		143817F026424D300045E956 /* Debug */ = {
			isa = XCBuildConfiguration;
			buildSettings = {
				ALWAYS_EMBED_SWIFT_STANDARD_LIBRARIES = YES;
				BUNDLE_LOADER = "$(TEST_HOST)";
				CODE_SIGN_STYLE = Automatic;
				DEVELOPMENT_TEAM = 5JLBZK56K5;
				INFOPLIST_FILE = iKidTests/Info.plist;
				IPHONEOS_DEPLOYMENT_TARGET = 14.5;
				LD_RUNPATH_SEARCH_PATHS = (
					"$(inherited)",
					"@executable_path/Frameworks",
					"@loader_path/Frameworks",
				);
				PRODUCT_BUNDLE_IDENTIFIER = INFO449.iKidTests;
				PRODUCT_NAME = "$(TARGET_NAME)";
				SWIFT_VERSION = 5.0;
				TARGETED_DEVICE_FAMILY = "1,2";
				TEST_HOST = "$(BUILT_PRODUCTS_DIR)/iKid.app/iKid";
			};
			name = Debug;
		};
		143817F126424D300045E956 /* Release */ = {
			isa = XCBuildConfiguration;
			buildSettings = {
				ALWAYS_EMBED_SWIFT_STANDARD_LIBRARIES = YES;
				BUNDLE_LOADER = "$(TEST_HOST)";
				CODE_SIGN_STYLE = Automatic;
				DEVELOPMENT_TEAM = 5JLBZK56K5;
				INFOPLIST_FILE = iKidTests/Info.plist;
				IPHONEOS_DEPLOYMENT_TARGET = 14.5;
				LD_RUNPATH_SEARCH_PATHS = (
					"$(inherited)",
					"@executable_path/Frameworks",
					"@loader_path/Frameworks",
				);
				PRODUCT_BUNDLE_IDENTIFIER = INFO449.iKidTests;
				PRODUCT_NAME = "$(TARGET_NAME)";
				SWIFT_VERSION = 5.0;
				TARGETED_DEVICE_FAMILY = "1,2";
				TEST_HOST = "$(BUILT_PRODUCTS_DIR)/iKid.app/iKid";
			};
			name = Release;
		};
		143817F326424D300045E956 /* Debug */ = {
			isa = XCBuildConfiguration;
			buildSettings = {
				ALWAYS_EMBED_SWIFT_STANDARD_LIBRARIES = YES;
				CODE_SIGN_STYLE = Automatic;
				DEVELOPMENT_TEAM = 5JLBZK56K5;
				INFOPLIST_FILE = iKidUITests/Info.plist;
				LD_RUNPATH_SEARCH_PATHS = (
					"$(inherited)",
					"@executable_path/Frameworks",
					"@loader_path/Frameworks",
				);
				PRODUCT_BUNDLE_IDENTIFIER = INFO449.iKidUITests;
				PRODUCT_NAME = "$(TARGET_NAME)";
				SWIFT_VERSION = 5.0;
				TARGETED_DEVICE_FAMILY = "1,2";
				TEST_TARGET_NAME = iKid;
			};
			name = Debug;
		};
		143817F426424D300045E956 /* Release */ = {
			isa = XCBuildConfiguration;
			buildSettings = {
				ALWAYS_EMBED_SWIFT_STANDARD_LIBRARIES = YES;
				CODE_SIGN_STYLE = Automatic;
				DEVELOPMENT_TEAM = 5JLBZK56K5;
				INFOPLIST_FILE = iKidUITests/Info.plist;
				LD_RUNPATH_SEARCH_PATHS = (
					"$(inherited)",
					"@executable_path/Frameworks",
					"@loader_path/Frameworks",
				);
				PRODUCT_BUNDLE_IDENTIFIER = INFO449.iKidUITests;
				PRODUCT_NAME = "$(TARGET_NAME)";
				SWIFT_VERSION = 5.0;
				TARGETED_DEVICE_FAMILY = "1,2";
				TEST_TARGET_NAME = iKid;
			};
			name = Release;
		};
/* End XCBuildConfiguration section */

/* Begin XCConfigurationList section */
		143817BD26424D2F0045E956 /* Build configuration list for PBXProject "iKid" */ = {
			isa = XCConfigurationList;
			buildConfigurations = (
				143817EA26424D300045E956 /* Debug */,
				143817EB26424D300045E956 /* Release */,
			);
			defaultConfigurationIsVisible = 0;
			defaultConfigurationName = Release;
		};
		143817EC26424D300045E956 /* Build configuration list for PBXNativeTarget "iKid" */ = {
			isa = XCConfigurationList;
			buildConfigurations = (
				143817ED26424D300045E956 /* Debug */,
				143817EE26424D300045E956 /* Release */,
			);
			defaultConfigurationIsVisible = 0;
			defaultConfigurationName = Release;
		};
		143817EF26424D300045E956 /* Build configuration list for PBXNativeTarget "iKidTests" */ = {
			isa = XCConfigurationList;
			buildConfigurations = (
				143817F026424D300045E956 /* Debug */,
				143817F126424D300045E956 /* Release */,
			);
			defaultConfigurationIsVisible = 0;
			defaultConfigurationName = Release;
		};
		143817F226424D300045E956 /* Build configuration list for PBXNativeTarget "iKidUITests" */ = {
			isa = XCConfigurationList;
			buildConfigurations = (
				143817F326424D300045E956 /* Debug */,
				143817F426424D300045E956 /* Release */,
			);
			defaultConfigurationIsVisible = 0;
			defaultConfigurationName = Release;
		};
/* End XCConfigurationList section */
	};
	rootObject = 143817BA26424D2F0045E956 /* Project object */;
}
